PODS:
  - DeviceKit (1.10.0)
  - SideMenu (5.0.3)
  - SnapKit (4.2.0)

DEPENDENCIES:
  - DeviceKit (~> 1.3)
  - SideMenu
  - SnapKit

SPEC REPOS:
  https://github.com/cocoapods/specs.git:
    - DeviceKit
    - SideMenu
    - SnapKit

SPEC CHECKSUMS:
  DeviceKit: 2a6cf0d1ec05e2ac7f9b24cdfdb3cb358900a247
  SideMenu: 1dcaabce84538c53325c287f7fe62999379a641c
  SnapKit: fe8a619752f3f27075cc9a90244d75c6c3f27e2a

PODFILE CHECKSUM: 9d9989e62f4cbb47e57149a9bc5d59a564b71494

COCOAPODS: 1.5.3
