PODS:
  - DeviceKit (1.11.0)
  - IQKeyboardManager (6.2.0)
  - SideMenu (5.0.3)
  - SnapKit (4.2.0)

DEPENDENCIES:
  - DeviceKit (~> 1.3)
  - IQKeyboardManager
  - SideMenu
  - SnapKit

SPEC REPOS:
  https://github.com/CocoaPods/Specs.git:
    - DeviceKit
    - IQKeyboardManager
    - SideMenu
    - SnapKit

SPEC CHECKSUMS:
  DeviceKit: a3a86f8dddbe1317a9a243cdf9646858bf135dce
  IQKeyboardManager: 6194101620b73af5e67900b8f89707a99de0b804
  SideMenu: 1dcaabce84538c53325c287f7fe62999379a641c
  SnapKit: fe8a619752f3f27075cc9a90244d75c6c3f27e2a

PODFILE CHECKSUM: beacbbb24bf6ed3119563eaa79848775fe239446

COCOAPODS: 1.5.0
