// !$*UTF8*$!
{
	archiveVersion = 1;
	classes = {
	};
	objectVersion = 50;
	objects = {

/* Begin PBXBuildFile section */
		75B9625A21CEB06E0037400F /* AppDelegate.swift in Sources */ = {isa = PBXBuildFile; fileRef = 75B9625921CEB06E0037400F /* AppDelegate.swift */; };
		75B9625C21CEB06E0037400F /* ViewController.swift in Sources */ = {isa = PBXBuildFile; fileRef = 75B9625B21CEB06E0037400F /* ViewController.swift */; };
		75B9625F21CEB06E0037400F /* Main.storyboard in Resources */ = {isa = PBXBuildFile; fileRef = 75B9625D21CEB06E0037400F /* Main.storyboard */; };
		75B9626121CEB06F0037400F /* Assets.xcassets in Resources */ = {isa = PBXBuildFile; fileRef = 75B9626021CEB06F0037400F /* Assets.xcassets */; };
		75B9626421CEB06F0037400F /* LaunchScreen.storyboard in Resources */ = {isa = PBXBuildFile; fileRef = 75B9626221CEB06F0037400F /* LaunchScreen.storyboard */; };
		75B9626F21CEB06F0037400F /* Repair2GoTests.swift in Sources */ = {isa = PBXBuildFile; fileRef = 75B9626E21CEB06F0037400F /* Repair2GoTests.swift */; };
		75B9627A21CEB06F0037400F /* Repair2GoUITests.swift in Sources */ = {isa = PBXBuildFile; fileRef = 75B9627921CEB06F0037400F /* Repair2GoUITests.swift */; };
/* End PBXBuildFile section */

/* Begin PBXContainerItemProxy section */
		75B9626B21CEB06F0037400F /* PBXContainerItemProxy */ = {
			isa = PBXContainerItemProxy;
			containerPortal = 75B9624E21CEB06E0037400F /* Project object */;
			proxyType = 1;
			remoteGlobalIDString = 75B9625521CEB06E0037400F;
			remoteInfo = Repair2Go;
		};
		75B9627621CEB06F0037400F /* PBXContainerItemProxy */ = {
			isa = PBXContainerItemProxy;
			containerPortal = 75B9624E21CEB06E0037400F /* Project object */;
			proxyType = 1;
			remoteGlobalIDString = 75B9625521CEB06E0037400F;
			remoteInfo = Repair2Go;
		};
/* End PBXContainerItemProxy section */

/* Begin PBXFileReference section */
		75B9625621CEB06E0037400F /* Repair2Go.app */ = {isa = PBXFileReference; explicitFileType = wrapper.application; includeInIndex = 0; path = Repair2Go.app; sourceTree = BUILT_PRODUCTS_DIR; };
		75B9625921CEB06E0037400F /* AppDelegate.swift */ = {isa = PBXFileReference; lastKnownFileType = sourcecode.swift; path = AppDelegate.swift; sourceTree = "<group>"; };
		75B9625B21CEB06E0037400F /* ViewController.swift */ = {isa = PBXFileReference; lastKnownFileType = sourcecode.swift; path = ViewController.swift; sourceTree = "<group>"; };
		75B9625E21CEB06E0037400F /* Base */ = {isa = PBXFileReference; lastKnownFileType = file.storyboard; name = Base; path = Base.lproj/Main.storyboard; sourceTree = "<group>"; };
		75B9626021CEB06F0037400F /* Assets.xcassets */ = {isa = PBXFileReference; lastKnownFileType = folder.assetcatalog; path = Assets.xcassets; sourceTree = "<group>"; };
		75B9626321CEB06F0037400F /* Base */ = {isa = PBXFileReference; lastKnownFileType = file.storyboard; name = Base; path = Base.lproj/LaunchScreen.storyboard; sourceTree = "<group>"; };
		75B9626521CEB06F0037400F /* Info.plist */ = {isa = PBXFileReference; lastKnownFileType = text.plist.xml; path = Info.plist; sourceTree = "<group>"; };
		75B9626A21CEB06F0037400F /* Repair2GoTests.xctest */ = {isa = PBXFileReference; explicitFileType = wrapper.cfbundle; includeInIndex = 0; path = Repair2GoTests.xctest; sourceTree = BUILT_PRODUCTS_DIR; };
		75B9626E21CEB06F0037400F /* Repair2GoTests.swift */ = {isa = PBXFileReference; lastKnownFileType = sourcecode.swift; path = Repair2GoTests.swift; sourceTree = "<group>"; };
		75B9627021CEB06F0037400F /* Info.plist */ = {isa = PBXFileReference; lastKnownFileType = text.plist.xml; path = Info.plist; sourceTree = "<group>"; };
		75B9627521CEB06F0037400F /* Repair2GoUITests.xctest */ = {isa = PBXFileReference; explicitFileType = wrapper.cfbundle; includeInIndex = 0; path = Repair2GoUITests.xctest; sourceTree = BUILT_PRODUCTS_DIR; };
		75B9627921CEB06F0037400F /* Repair2GoUITests.swift */ = {isa = PBXFileReference; lastKnownFileType = sourcecode.swift; path = Repair2GoUITests.swift; sourceTree = "<group>"; };
		75B9627B21CEB06F0037400F /* Info.plist */ = {isa = PBXFileReference; lastKnownFileType = text.plist.xml; path = Info.plist; sourceTree = "<group>"; };
/* End PBXFileReference section */

/* Begin PBXFrameworksBuildPhase section */
		75B9625321CEB06E0037400F /* Frameworks */ = {
			isa = PBXFrameworksBuildPhase;
			buildActionMask = 2147483647;
			files = (
			);
			runOnlyForDeploymentPostprocessing = 0;
		};
		75B9626721CEB06F0037400F /* Frameworks */ = {
			isa = PBXFrameworksBuildPhase;
			buildActionMask = 2147483647;
			files = (
			);
			runOnlyForDeploymentPostprocessing = 0;
		};
		75B9627221CEB06F0037400F /* Frameworks */ = {
			isa = PBXFrameworksBuildPhase;
			buildActionMask = 2147483647;
			files = (
			);
			runOnlyForDeploymentPostprocessing = 0;
		};
/* End PBXFrameworksBuildPhase section */

/* Begin PBXGroup section */
		75B9624D21CEB06E0037400F = {
			isa = PBXGroup;
			children = (
				75B9625821CEB06E0037400F /* Repair2Go */,
				75B9626D21CEB06F0037400F /* Repair2GoTests */,
				75B9627821CEB06F0037400F /* Repair2GoUITests */,
				75B9625721CEB06E0037400F /* Products */,
			);
			sourceTree = "<group>";
		};
		75B9625721CEB06E0037400F /* Products */ = {
			isa = PBXGroup;
			children = (
				75B9625621CEB06E0037400F /* Repair2Go.app */,
				75B9626A21CEB06F0037400F /* Repair2GoTests.xctest */,
				75B9627521CEB06F0037400F /* Repair2GoUITests.xctest */,
			);
			name = Products;
			sourceTree = "<group>";
		};
		75B9625821CEB06E0037400F /* Repair2Go */ = {
			isa = PBXGroup;
			children = (
				75B9625921CEB06E0037400F /* AppDelegate.swift */,
				75B9625B21CEB06E0037400F /* ViewController.swift */,
				75B9625D21CEB06E0037400F /* Main.storyboard */,
				75B9626021CEB06F0037400F /* Assets.xcassets */,
				75B9626221CEB06F0037400F /* LaunchScreen.storyboard */,
				75B9626521CEB06F0037400F /* Info.plist */,
			);
			path = Repair2Go;
			sourceTree = "<group>";
		};
		75B9626D21CEB06F0037400F /* Repair2GoTests */ = {
			isa = PBXGroup;
			children = (
				75B9626E21CEB06F0037400F /* Repair2GoTests.swift */,
				75B9627021CEB06F0037400F /* Info.plist */,
			);
			path = Repair2GoTests;
			sourceTree = "<group>";
		};
		75B9627821CEB06F0037400F /* Repair2GoUITests */ = {
			isa = PBXGroup;
			children = (
				75B9627921CEB06F0037400F /* Repair2GoUITests.swift */,
				75B9627B21CEB06F0037400F /* Info.plist */,
			);
			path = Repair2GoUITests;
			sourceTree = "<group>";
		};
/* End PBXGroup section */

/* Begin PBXNativeTarget section */
		75B9625521CEB06E0037400F /* Repair2Go */ = {
			isa = PBXNativeTarget;
			buildConfigurationList = 75B9627E21CEB06F0037400F /* Build configuration list for PBXNativeTarget "Repair2Go" */;
			buildPhases = (
				75B9625221CEB06E0037400F /* Sources */,
				75B9625321CEB06E0037400F /* Frameworks */,
				75B9625421CEB06E0037400F /* Resources */,
			);
			buildRules = (
			);
			dependencies = (
			);
			name = Repair2Go;
			productName = Repair2Go;
			productReference = 75B9625621CEB06E0037400F /* Repair2Go.app */;
			productType = "com.apple.product-type.application";
		};
		75B9626921CEB06F0037400F /* Repair2GoTests */ = {
			isa = PBXNativeTarget;
			buildConfigurationList = 75B9628121CEB06F0037400F /* Build configuration list for PBXNativeTarget "Repair2GoTests" */;
			buildPhases = (
				75B9626621CEB06F0037400F /* Sources */,
				75B9626721CEB06F0037400F /* Frameworks */,
				75B9626821CEB06F0037400F /* Resources */,
			);
			buildRules = (
			);
			dependencies = (
				75B9626C21CEB06F0037400F /* PBXTargetDependency */,
			);
			name = Repair2GoTests;
			productName = Repair2GoTests;
			productReference = 75B9626A21CEB06F0037400F /* Repair2GoTests.xctest */;
			productType = "com.apple.product-type.bundle.unit-test";
		};
		75B9627421CEB06F0037400F /* Repair2GoUITests */ = {
			isa = PBXNativeTarget;
			buildConfigurationList = 75B9628421CEB06F0037400F /* Build configuration list for PBXNativeTarget "Repair2GoUITests" */;
			buildPhases = (
				75B9627121CEB06F0037400F /* Sources */,
				75B9627221CEB06F0037400F /* Frameworks */,
				75B9627321CEB06F0037400F /* Resources */,
			);
			buildRules = (
			);
			dependencies = (
				75B9627721CEB06F0037400F /* PBXTargetDependency */,
			);
			name = Repair2GoUITests;
			productName = Repair2GoUITests;
			productReference = 75B9627521CEB06F0037400F /* Repair2GoUITests.xctest */;
			productType = "com.apple.product-type.bundle.ui-testing";
		};
/* End PBXNativeTarget section */

/* Begin PBXProject section */
		75B9624E21CEB06E0037400F /* Project object */ = {
			isa = PBXProject;
			attributes = {
				LastSwiftUpdateCheck = 1010;
				LastUpgradeCheck = 1010;
				ORGANIZATIONNAME = developer;
				TargetAttributes = {
					75B9625521CEB06E0037400F = {
						CreatedOnToolsVersion = 10.1;
					};
					75B9626921CEB06F0037400F = {
						CreatedOnToolsVersion = 10.1;
						TestTargetID = 75B9625521CEB06E0037400F;
					};
					75B9627421CEB06F0037400F = {
						CreatedOnToolsVersion = 10.1;
						TestTargetID = 75B9625521CEB06E0037400F;
					};
				};
			};
			buildConfigurationList = 75B9625121CEB06E0037400F /* Build configuration list for PBXProject "Repair2Go" */;
			compatibilityVersion = "Xcode 9.3";
			developmentRegion = en;
			hasScannedForEncodings = 0;
			knownRegions = (
				en,
				Base,
			);
			mainGroup = 75B9624D21CEB06E0037400F;
			productRefGroup = 75B9625721CEB06E0037400F /* Products */;
			projectDirPath = "";
			projectRoot = "";
			targets = (
				75B9625521CEB06E0037400F /* Repair2Go */,
				75B9626921CEB06F0037400F /* Repair2GoTests */,
				75B9627421CEB06F0037400F /* Repair2GoUITests */,
			);
		};
/* End PBXProject section */

/* Begin PBXResourcesBuildPhase section */
		75B9625421CEB06E0037400F /* Resources */ = {
			isa = PBXResourcesBuildPhase;
			buildActionMask = 2147483647;
			files = (
				75B9626421CEB06F0037400F /* LaunchScreen.storyboard in Resources */,
				75B9626121CEB06F0037400F /* Assets.xcassets in Resources */,
				75B9625F21CEB06E0037400F /* Main.storyboard in Resources */,
			);
			runOnlyForDeploymentPostprocessing = 0;
		};
		75B9626821CEB06F0037400F /* Resources */ = {
			isa = PBXResourcesBuildPhase;
			buildActionMask = 2147483647;
			files = (
			);
			runOnlyForDeploymentPostprocessing = 0;
		};
		75B9627321CEB06F0037400F /* Resources */ = {
			isa = PBXResourcesBuildPhase;
			buildActionMask = 2147483647;
			files = (
			);
			runOnlyForDeploymentPostprocessing = 0;
		};
/* End PBXResourcesBuildPhase section */

/* Begin PBXSourcesBuildPhase section */
		75B9625221CEB06E0037400F /* Sources */ = {
			isa = PBXSourcesBuildPhase;
			buildActionMask = 2147483647;
			files = (
				75B9625C21CEB06E0037400F /* ViewController.swift in Sources */,
				75B9625A21CEB06E0037400F /* AppDelegate.swift in Sources */,
			);
			runOnlyForDeploymentPostprocessing = 0;
		};
		75B9626621CEB06F0037400F /* Sources */ = {
			isa = PBXSourcesBuildPhase;
			buildActionMask = 2147483647;
			files = (
				75B9626F21CEB06F0037400F /* Repair2GoTests.swift in Sources */,
			);
			runOnlyForDeploymentPostprocessing = 0;
		};
		75B9627121CEB06F0037400F /* Sources */ = {
			isa = PBXSourcesBuildPhase;
			buildActionMask = 2147483647;
			files = (
				75B9627A21CEB06F0037400F /* Repair2GoUITests.swift in Sources */,
			);
			runOnlyForDeploymentPostprocessing = 0;
		};
/* End PBXSourcesBuildPhase section */

/* Begin PBXTargetDependency section */
		75B9626C21CEB06F0037400F /* PBXTargetDependency */ = {
			isa = PBXTargetDependency;
			target = 75B9625521CEB06E0037400F /* Repair2Go */;
			targetProxy = 75B9626B21CEB06F0037400F /* PBXContainerItemProxy */;
		};
		75B9627721CEB06F0037400F /* PBXTargetDependency */ = {
			isa = PBXTargetDependency;
			target = 75B9625521CEB06E0037400F /* Repair2Go */;
			targetProxy = 75B9627621CEB06F0037400F /* PBXContainerItemProxy */;
		};
/* End PBXTargetDependency section */

/* Begin PBXVariantGroup section */
		75B9625D21CEB06E0037400F /* Main.storyboard */ = {
			isa = PBXVariantGroup;
			children = (
				75B9625E21CEB06E0037400F /* Base */,
			);
			name = Main.storyboard;
			sourceTree = "<group>";
		};
		75B9626221CEB06F0037400F /* LaunchScreen.storyboard */ = {
			isa = PBXVariantGroup;
			children = (
				75B9626321CEB06F0037400F /* Base */,
			);
			name = LaunchScreen.storyboard;
			sourceTree = "<group>";
		};
/* End PBXVariantGroup section */

/* Begin XCBuildConfiguration section */
		75B9627C21CEB06F0037400F /* Debug */ = {
			isa = XCBuildConfiguration;
			buildSettings = {
				ALWAYS_SEARCH_USER_PATHS = NO;
				CLANG_ANALYZER_NONNULL = YES;
				CLANG_ANALYZER_NUMBER_OBJECT_CONVERSION = YES_AGGRESSIVE;
				CLANG_CXX_LANGUAGE_STANDARD = "gnu++14";
				CLANG_CXX_LIBRARY = "libc++";
				CLANG_ENABLE_MODULES = YES;
				CLANG_ENABLE_OBJC_ARC = YES;
				CLANG_ENABLE_OBJC_WEAK = YES;
				CLANG_WARN_BLOCK_CAPTURE_AUTORELEASING = YES;
				CLANG_WARN_BOOL_CONVERSION = YES;
				CLANG_WARN_COMMA = YES;
				CLANG_WARN_CONSTANT_CONVERSION = YES;
				CLANG_WARN_DEPRECATED_OBJC_IMPLEMENTATIONS = YES;
				CLANG_WARN_DIRECT_OBJC_ISA_USAGE = YES_ERROR;
				CLANG_WARN_DOCUMENTATION_COMMENTS = YES;
				CLANG_WARN_EMPTY_BODY = YES;
				CLANG_WARN_ENUM_CONVERSION = YES;
				CLANG_WARN_INFINITE_RECURSION = YES;
				CLANG_WARN_INT_CONVERSION = YES;
				CLANG_WARN_NON_LITERAL_NULL_CONVERSION = YES;
				CLANG_WARN_OBJC_IMPLICIT_RETAIN_SELF = YES;
				CLANG_WARN_OBJC_LITERAL_CONVERSION = YES;
				CLANG_WARN_OBJC_ROOT_CLASS = YES_ERROR;
				CLANG_WARN_RANGE_LOOP_ANALYSIS = YES;
				CLANG_WARN_STRICT_PROTOTYPES = YES;
				CLANG_WARN_SUSPICIOUS_MOVE = YES;
				CLANG_WARN_UNGUARDED_AVAILABILITY = YES_AGGRESSIVE;
				CLANG_WARN_UNREACHABLE_CODE = YES;
				CLANG_WARN__DUPLICATE_METHOD_MATCH = YES;
				CODE_SIGN_IDENTITY = "iPhone Developer";
				COPY_PHASE_STRIP = NO;
				DEBUG_INFORMATION_FORMAT = dwarf;
				ENABLE_STRICT_OBJC_MSGSEND = YES;
				ENABLE_TESTABILITY = YES;
				GCC_C_LANGUAGE_STANDARD = gnu11;
				GCC_DYNAMIC_NO_PIC = NO;
				GCC_NO_COMMON_BLOCKS = YES;
				GCC_OPTIMIZATION_LEVEL = 0;
				GCC_PREPROCESSOR_DEFINITIONS = (
					"DEBUG=1",
					"$(inherited)",
				);
				GCC_WARN_64_TO_32_BIT_CONVERSION = YES;
				GCC_WARN_ABOUT_RETURN_TYPE = YES_ERROR;
				GCC_WARN_UNDECLARED_SELECTOR = YES;
				GCC_WARN_UNINITIALIZED_AUTOS = YES_AGGRESSIVE;
				GCC_WARN_UNUSED_FUNCTION = YES;
				GCC_WARN_UNUSED_VARIABLE = YES;
				IPHONEOS_DEPLOYMENT_TARGET = 12.1;
				MTL_ENABLE_DEBUG_INFO = INCLUDE_SOURCE;
				MTL_FAST_MATH = YES;
				ONLY_ACTIVE_ARCH = YES;
				SDKROOT = iphoneos;
				SWIFT_ACTIVE_COMPILATION_CONDITIONS = DEBUG;
				SWIFT_OPTIMIZATION_LEVEL = "-Onone";
			};
			name = Debug;
		};
		75B9627D21CEB06F0037400F /* Release */ = {
			isa = XCBuildConfiguration;
			buildSettings = {
				ALWAYS_SEARCH_USER_PATHS = NO;
				CLANG_ANALYZER_NONNULL = YES;
				CLANG_ANALYZER_NUMBER_OBJECT_CONVERSION = YES_AGGRESSIVE;
				CLANG_CXX_LANGUAGE_STANDARD = "gnu++14";
				CLANG_CXX_LIBRARY = "libc++";
				CLANG_ENABLE_MODULES = YES;
				CLANG_ENABLE_OBJC_ARC = YES;
				CLANG_ENABLE_OBJC_WEAK = YES;
				CLANG_WARN_BLOCK_CAPTURE_AUTORELEASING = YES;
				CLANG_WARN_BOOL_CONVERSION = YES;
				CLANG_WARN_COMMA = YES;
				CLANG_WARN_CONSTANT_CONVERSION = YES;
				CLANG_WARN_DEPRECATED_OBJC_IMPLEMENTATIONS = YES;
				CLANG_WARN_DIRECT_OBJC_ISA_USAGE = YES_ERROR;
				CLANG_WARN_DOCUMENTATION_COMMENTS = YES;
				CLANG_WARN_EMPTY_BODY = YES;
				CLANG_WARN_ENUM_CONVERSION = YES;
				CLANG_WARN_INFINITE_RECURSION = YES;
				CLANG_WARN_INT_CONVERSION = YES;
				CLANG_WARN_NON_LITERAL_NULL_CONVERSION = YES;
				CLANG_WARN_OBJC_IMPLICIT_RETAIN_SELF = YES;
				CLANG_WARN_OBJC_LITERAL_CONVERSION = YES;
				CLANG_WARN_OBJC_ROOT_CLASS = YES_ERROR;
				CLANG_WARN_RANGE_LOOP_ANALYSIS = YES;
				CLANG_WARN_STRICT_PROTOTYPES = YES;
				CLANG_WARN_SUSPICIOUS_MOVE = YES;
				CLANG_WARN_UNGUARDED_AVAILABILITY = YES_AGGRESSIVE;
				CLANG_WARN_UNREACHABLE_CODE = YES;
				CLANG_WARN__DUPLICATE_METHOD_MATCH = YES;
				CODE_SIGN_IDENTITY = "iPhone Developer";
				COPY_PHASE_STRIP = NO;
				DEBUG_INFORMATION_FORMAT = "dwarf-with-dsym";
				ENABLE_NS_ASSERTIONS = NO;
				ENABLE_STRICT_OBJC_MSGSEND = YES;
				GCC_C_LANGUAGE_STANDARD = gnu11;
				GCC_NO_COMMON_BLOCKS = YES;
				GCC_WARN_64_TO_32_BIT_CONVERSION = YES;
				GCC_WARN_ABOUT_RETURN_TYPE = YES_ERROR;
				GCC_WARN_UNDECLARED_SELECTOR = YES;
				GCC_WARN_UNINITIALIZED_AUTOS = YES_AGGRESSIVE;
				GCC_WARN_UNUSED_FUNCTION = YES;
				GCC_WARN_UNUSED_VARIABLE = YES;
				IPHONEOS_DEPLOYMENT_TARGET = 12.1;
				MTL_ENABLE_DEBUG_INFO = NO;
				MTL_FAST_MATH = YES;
				SDKROOT = iphoneos;
				SWIFT_COMPILATION_MODE = wholemodule;
				SWIFT_OPTIMIZATION_LEVEL = "-O";
				VALIDATE_PRODUCT = YES;
			};
			name = Release;
		};
		75B9627F21CEB06F0037400F /* Debug */ = {
			isa = XCBuildConfiguration;
			buildSettings = {
				ASSETCATALOG_COMPILER_APPICON_NAME = AppIcon;
				CODE_SIGN_STYLE = Automatic;
				INFOPLIST_FILE = Repair2Go/Info.plist;
				LD_RUNPATH_SEARCH_PATHS = (
					"$(inherited)",
					"@executable_path/Frameworks",
				);
				PRODUCT_BUNDLE_IDENTIFIER = com.Repair2Go;
				PRODUCT_NAME = "$(TARGET_NAME)";
				SWIFT_VERSION = 4.2;
				TARGETED_DEVICE_FAMILY = 1;
			};
			name = Debug;
		};
		75B9628021CEB06F0037400F /* Release */ = {
			isa = XCBuildConfiguration;
			buildSettings = {
				ASSETCATALOG_COMPILER_APPICON_NAME = AppIcon;
				CODE_SIGN_STYLE = Automatic;
				INFOPLIST_FILE = Repair2Go/Info.plist;
				LD_RUNPATH_SEARCH_PATHS = (
					"$(inherited)",
					"@executable_path/Frameworks",
				);
				PRODUCT_BUNDLE_IDENTIFIER = com.Repair2Go;
				PRODUCT_NAME = "$(TARGET_NAME)";
				SWIFT_VERSION = 4.2;
				TARGETED_DEVICE_FAMILY = 1;
			};
			name = Release;
		};
		75B9628221CEB06F0037400F /* Debug */ = {
			isa = XCBuildConfiguration;
			buildSettings = {
				ALWAYS_EMBED_SWIFT_STANDARD_LIBRARIES = YES;
				BUNDLE_LOADER = "$(TEST_HOST)";
				CODE_SIGN_STYLE = Automatic;
				INFOPLIST_FILE = Repair2GoTests/Info.plist;
				LD_RUNPATH_SEARCH_PATHS = (
					"$(inherited)",
					"@executable_path/Frameworks",
					"@loader_path/Frameworks",
				);
				PRODUCT_BUNDLE_IDENTIFIER = com.Repair2GoTests;
				PRODUCT_NAME = "$(TARGET_NAME)";
				SWIFT_VERSION = 4.2;
				TARGETED_DEVICE_FAMILY = "1,2";
				TEST_HOST = "$(BUILT_PRODUCTS_DIR)/Repair2Go.app/Repair2Go";
			};
			name = Debug;
		};
		75B9628321CEB06F0037400F /* Release */ = {
			isa = XCBuildConfiguration;
			buildSettings = {
				ALWAYS_EMBED_SWIFT_STANDARD_LIBRARIES = YES;
				BUNDLE_LOADER = "$(TEST_HOST)";
				CODE_SIGN_STYLE = Automatic;
				INFOPLIST_FILE = Repair2GoTests/Info.plist;
				LD_RUNPATH_SEARCH_PATHS = (
					"$(inherited)",
					"@executable_path/Frameworks",
					"@loader_path/Frameworks",
				);
				PRODUCT_BUNDLE_IDENTIFIER = com.Repair2GoTests;
				PRODUCT_NAME = "$(TARGET_NAME)";
				SWIFT_VERSION = 4.2;
				TARGETED_DEVICE_FAMILY = "1,2";
				TEST_HOST = "$(BUILT_PRODUCTS_DIR)/Repair2Go.app/Repair2Go";
			};
			name = Release;
		};
		75B9628521CEB06F0037400F /* Debug */ = {
			isa = XCBuildConfiguration;
			buildSettings = {
				ALWAYS_EMBED_SWIFT_STANDARD_LIBRARIES = YES;
				CODE_SIGN_STYLE = Automatic;
				INFOPLIST_FILE = Repair2GoUITests/Info.plist;
				LD_RUNPATH_SEARCH_PATHS = (
					"$(inherited)",
					"@executable_path/Frameworks",
					"@loader_path/Frameworks",
				);
				PRODUCT_BUNDLE_IDENTIFIER = com.Repair2GoUITests;
				PRODUCT_NAME = "$(TARGET_NAME)";
				SWIFT_VERSION = 4.2;
				TARGETED_DEVICE_FAMILY = "1,2";
				TEST_TARGET_NAME = Repair2Go;
			};
			name = Debug;
		};
		75B9628621CEB06F0037400F /* Release */ = {
			isa = XCBuildConfiguration;
			buildSettings = {
				ALWAYS_EMBED_SWIFT_STANDARD_LIBRARIES = YES;
				CODE_SIGN_STYLE = Automatic;
				INFOPLIST_FILE = Repair2GoUITests/Info.plist;
				LD_RUNPATH_SEARCH_PATHS = (
					"$(inherited)",
					"@executable_path/Frameworks",
					"@loader_path/Frameworks",
				);
				PRODUCT_BUNDLE_IDENTIFIER = com.Repair2GoUITests;
				PRODUCT_NAME = "$(TARGET_NAME)";
				SWIFT_VERSION = 4.2;
				TARGETED_DEVICE_FAMILY = "1,2";
				TEST_TARGET_NAME = Repair2Go;
			};
			name = Release;
		};
/* End XCBuildConfiguration section */

/* Begin XCConfigurationList section */
		75B9625121CEB06E0037400F /* Build configuration list for PBXProject "Repair2Go" */ = {
			isa = XCConfigurationList;
			buildConfigurations = (
				75B9627C21CEB06F0037400F /* Debug */,
				75B9627D21CEB06F0037400F /* Release */,
			);
			defaultConfigurationIsVisible = 0;
			defaultConfigurationName = Release;
		};
		75B9627E21CEB06F0037400F /* Build configuration list for PBXNativeTarget "Repair2Go" */ = {
			isa = XCConfigurationList;
			buildConfigurations = (
				75B9627F21CEB06F0037400F /* Debug */,
				75B9628021CEB06F0037400F /* Release */,
			);
			defaultConfigurationIsVisible = 0;
			defaultConfigurationName = Release;
		};
		75B9628121CEB06F0037400F /* Build configuration list for PBXNativeTarget "Repair2GoTests" */ = {
			isa = XCConfigurationList;
			buildConfigurations = (
				75B9628221CEB06F0037400F /* Debug */,
				75B9628321CEB06F0037400F /* Release */,
			);
			defaultConfigurationIsVisible = 0;
			defaultConfigurationName = Release;
		};
		75B9628421CEB06F0037400F /* Build configuration list for PBXNativeTarget "Repair2GoUITests" */ = {
			isa = XCConfigurationList;
			buildConfigurations = (
				75B9628521CEB06F0037400F /* Debug */,
				75B9628621CEB06F0037400F /* Release */,
			);
			defaultConfigurationIsVisible = 0;
			defaultConfigurationName = Release;
		};
/* End XCConfigurationList section */
	};
	rootObject = 75B9624E21CEB06E0037400F /* Project object */;
}
